
Microsoft Visual Studio Solution File, Format Version 12.00
# Visual Studio Version 17
VisualStudioVersion = 17.14.36511.14 d17.14
MinimumVisualStudioVersion = 10.0.40219.1
Project("{FAE04EC0-301F-11D3-BF4B-00C04F79EFBC}") = "DI-A1.6", "DI-A1.6\DI-A1.6.csproj", "{226215CA-F97E-4F69-AF99-ACA5662D86AD}"
EndProject
Global
	GlobalSection(SolutionConfigurationPlatforms) = preSolution
		Debug|Any CPU = Debug|Any CPU
		Release|Any CPU = Release|Any CPU
	EndGlobalSection
	GlobalSection(ProjectConfigurationPlatforms) = postSolution
		{226215CA-F97E-4F69-AF99-ACA5662D86AD}.Debug|Any CPU.ActiveCfg = Debug|Any CPU
		{226215CA-F97E-4F69-AF99-ACA5662D86AD}.Debug|Any CPU.Build.0 = Debug|Any CPU
		{226215CA-F97E-4F69-AF99-ACA5662D86AD}.Release|Any CPU.ActiveCfg = Release|Any CPU
		{226215CA-F97E-4F69-AF99-ACA5662D86AD}.Release|Any CPU.Build.0 = Release|Any CPU
	EndGlobalSection
	GlobalSection(SolutionProperties) = preSolution
		HideSolutionNode = FALSE
	EndGlobalSection
	GlobalSection(ExtensibilityGlobals) = postSolution
		SolutionGuid = {28C01D3F-9CCA-4161-B662-E26225E7D264}
	EndGlobalSection
EndGlobal
