
Microsoft Visual Studio Solution File, Format Version 12.00
# Visual Studio Version 17
VisualStudioVersion = 17.14.36511.14 d17.14
MinimumVisualStudioVersion = 10.0.40219.1
Project("{FAE04EC0-301F-11D3-BF4B-00C04F79EFBC}") = "DI-A1.9_RafaelMedina", "DI-A1.9_RafaelMedina\DI-A1.9_RafaelMedina.csproj", "{DE8AEC1C-C499-4B53-81FD-55489CEEE1EB}"
EndProject
Global
	GlobalSection(SolutionConfigurationPlatforms) = preSolution
		Debug|Any CPU = Debug|Any CPU
		Release|Any CPU = Release|Any CPU
	EndGlobalSection
	GlobalSection(ProjectConfigurationPlatforms) = postSolution
		{DE8AEC1C-C499-4B53-81FD-55489CEEE1EB}.Debug|Any CPU.ActiveCfg = Debug|Any CPU
		{DE8AEC1C-C499-4B53-81FD-55489CEEE1EB}.Debug|Any CPU.Build.0 = Debug|Any CPU
		{DE8AEC1C-C499-4B53-81FD-55489CEEE1EB}.Release|Any CPU.ActiveCfg = Release|Any CPU
		{DE8AEC1C-C499-4B53-81FD-55489CEEE1EB}.Release|Any CPU.Build.0 = Release|Any CPU
	EndGlobalSection
	GlobalSection(SolutionProperties) = preSolution
		HideSolutionNode = FALSE
	EndGlobalSection
	GlobalSection(ExtensibilityGlobals) = postSolution
		SolutionGuid = {8ADEC12C-449C-4466-910B-9DACE8FBA479}
	EndGlobalSection
EndGlobal
