
Microsoft Visual Studio Solution File, Format Version 12.00
# Visual Studio Version 17
VisualStudioVersion = 17.14.36511.14 d17.14
MinimumVisualStudioVersion = 10.0.40219.1
Project("{FAE04EC0-301F-11D3-BF4B-00C04F79EFBC}") = "WindowsFormsApp1", "WindowsFormsApp1\WindowsFormsApp1.csproj", "{BFACBED9-044A-467D-A72D-E7EC627DBA64}"
EndProject
Global
	GlobalSection(SolutionConfigurationPlatforms) = preSolution
		Debug|Any CPU = Debug|Any CPU
		Release|Any CPU = Release|Any CPU
	EndGlobalSection
	GlobalSection(ProjectConfigurationPlatforms) = postSolution
		{BFACBED9-044A-467D-A72D-E7EC627DBA64}.Debug|Any CPU.ActiveCfg = Debug|Any CPU
		{BFACBED9-044A-467D-A72D-E7EC627DBA64}.Debug|Any CPU.Build.0 = Debug|Any CPU
		{BFACBED9-044A-467D-A72D-E7EC627DBA64}.Release|Any CPU.ActiveCfg = Release|Any CPU
		{BFACBED9-044A-467D-A72D-E7EC627DBA64}.Release|Any CPU.Build.0 = Release|Any CPU
	EndGlobalSection
	GlobalSection(SolutionProperties) = preSolution
		HideSolutionNode = FALSE
	EndGlobalSection
	GlobalSection(ExtensibilityGlobals) = postSolution
		SolutionGuid = {EA814FFC-3FA9-4661-A539-3ACD8593C7FC}
	EndGlobalSection
EndGlobal
